
Microsoft Visual Studio Solution File, Format Version 12.00
# Visual Studio Version 17
VisualStudioVersion = 17.7.34009.444
MinimumVisualStudioVersion = 10.0.40219.1
Project("{FAE04EC0-301F-11D3-BF4B-00C04F79EFBC}") = "ChessLogic", "ChessLogic\ChessLogic.csproj", "{DF90D1B4-F935-4C7B-9A32-D7CFCF68FF31}"
EndProject
Project("{FAE04EC0-301F-11D3-BF4B-00C04F79EFBC}") = "ChessUI", "ChessUI\ChessUI.csproj", "{2E9CBE25-2D1F-4909-B64C-D3FB8852089F}"
EndProject
Global
	GlobalSection(SolutionConfigurationPlatforms) = preSolution
		Debug|Any CPU = Debug|Any CPU
		Release|Any CPU = Release|Any CPU
	EndGlobalSection
	GlobalSection(ProjectConfigurationPlatforms) = postSolution
		{DF90D1B4-F935-4C7B-9A32-D7CFCF68FF31}.Debug|Any CPU.ActiveCfg = Debug|Any CPU
		{DF90D1B4-F935-4C7B-9A32-D7CFCF68FF31}.Debug|Any CPU.Build.0 = Debug|Any CPU
		{DF90D1B4-F935-4C7B-9A32-D7CFCF68FF31}.Release|Any CPU.ActiveCfg = Release|Any CPU
		{DF90D1B4-F935-4C7B-9A32-D7CFCF68FF31}.Release|Any CPU.Build.0 = Release|Any CPU
		{2E9CBE25-2D1F-4909-B64C-D3FB8852089F}.Debug|Any CPU.ActiveCfg = Debug|Any CPU
		{2E9CBE25-2D1F-4909-B64C-D3FB8852089F}.Debug|Any CPU.Build.0 = Debug|Any CPU
		{2E9CBE25-2D1F-4909-B64C-D3FB8852089F}.Release|Any CPU.ActiveCfg = Release|Any CPU
		{2E9CBE25-2D1F-4909-B64C-D3FB8852089F}.Release|Any CPU.Build.0 = Release|Any CPU
	EndGlobalSection
	GlobalSection(SolutionProperties) = preSolution
		HideSolutionNode = FALSE
	EndGlobalSection
	GlobalSection(ExtensibilityGlobals) = postSolution
		SolutionGuid = {37DF08CF-5D9E-4F4D-B056-BFCE87B44B7E}
	EndGlobalSection
EndGlobal
